
Microsoft Visual Studio Solution File, Format Version 12.00
# Visual Studio Version 16
VisualStudioVersion = 16.0.33027.164
MinimumVisualStudioVersion = 10.0.40219.1
Project("{FAE04EC0-301F-11D3-BF4B-00C04F79EFBC}") = "TareaGrupal", "TareaGrupal.csproj", "{2BF83E19-78B2-46F6-BE3D-91F79C325589}"
EndProject
Global
	GlobalSection(SolutionConfigurationPlatforms) = preSolution
		Debug|Any CPU = Debug|Any CPU
		Release|Any CPU = Release|Any CPU
	EndGlobalSection
	GlobalSection(ProjectConfigurationPlatforms) = postSolution
		{2BF83E19-78B2-46F6-BE3D-91F79C325589}.Debug|Any CPU.ActiveCfg = Debug|Any CPU
		{2BF83E19-78B2-46F6-BE3D-91F79C325589}.Debug|Any CPU.Build.0 = Debug|Any CPU
		{2BF83E19-78B2-46F6-BE3D-91F79C325589}.Release|Any CPU.ActiveCfg = Release|Any CPU
		{2BF83E19-78B2-46F6-BE3D-91F79C325589}.Release|Any CPU.Build.0 = Release|Any CPU
	EndGlobalSection
	GlobalSection(SolutionProperties) = preSolution
		HideSolutionNode = FALSE
	EndGlobalSection
	GlobalSection(ExtensibilityGlobals) = postSolution
		SolutionGuid = {B37AFB7E-E0AD-4457-8FF3-668637A1B010}
	EndGlobalSection
EndGlobal
